
Microsoft Visual Studio Solution File, Format Version 12.00
# Visual Studio Version 16
VisualStudioVersion = 16.0.30309.148
MinimumVisualStudioVersion = 10.0.40219.1
Project("{FAE04EC0-301F-11D3-BF4B-00C04F79EFBC}") = "CollectionManager", "CollectionManager\CollectionManager.csproj", "{AE60A3BF-695E-4671-ADFD-33458F34921A}"
EndProject
Global
	GlobalSection(SolutionConfigurationPlatforms) = preSolution
		Debug|Any CPU = Debug|Any CPU
		Release|Any CPU = Release|Any CPU
	EndGlobalSection
	GlobalSection(ProjectConfigurationPlatforms) = postSolution
		{AE60A3BF-695E-4671-ADFD-33458F34921A}.Debug|Any CPU.ActiveCfg = Debug|Any CPU
		{AE60A3BF-695E-4671-ADFD-33458F34921A}.Debug|Any CPU.Build.0 = Debug|Any CPU
		{AE60A3BF-695E-4671-ADFD-33458F34921A}.Release|Any CPU.ActiveCfg = Release|Any CPU
		{AE60A3BF-695E-4671-ADFD-33458F34921A}.Release|Any CPU.Build.0 = Release|Any CPU
	EndGlobalSection
	GlobalSection(SolutionProperties) = preSolution
		HideSolutionNode = FALSE
	EndGlobalSection
	GlobalSection(ExtensibilityGlobals) = postSolution
		SolutionGuid = {F5296DF4-DFBB-4496-A59D-40858E06C80F}
	EndGlobalSection
EndGlobal
