
Microsoft Visual Studio Solution File, Format Version 12.00
# Visual Studio Version 16
VisualStudioVersion = 16.0.30309.148
MinimumVisualStudioVersion = 10.0.40219.1
Project("{9A19103F-16F7-4668-BE54-9A1E7A4F7556}") = "CollectionManager", "CollectionManager\CollectionManager.csproj", "{A8A00BA2-FF3E-4698-98B8-353205F9913B}"
EndProject
Project("{FAE04EC0-301F-11D3-BF4B-00C04F79EFBC}") = "CollectionManager.App", "CollectionManager.App\CollectionManager.App.csproj", "{6619750A-C8EC-41C6-9E77-D31852B61B10}"
EndProject
Project("{FAE04EC0-301F-11D3-BF4B-00C04F79EFBC}") = "CollectionManager.Domain", "CollectionManager.Domain\CollectionManager.Domain.csproj", "{46F15593-392E-4799-B4C3-CCAC1C300012}"
EndProject
Global
	GlobalSection(SolutionConfigurationPlatforms) = preSolution
		Debug|Any CPU = Debug|Any CPU
		Release|Any CPU = Release|Any CPU
	EndGlobalSection
	GlobalSection(ProjectConfigurationPlatforms) = postSolution
		{A8A00BA2-FF3E-4698-98B8-353205F9913B}.Debug|Any CPU.ActiveCfg = Debug|Any CPU
		{A8A00BA2-FF3E-4698-98B8-353205F9913B}.Debug|Any CPU.Build.0 = Debug|Any CPU
		{A8A00BA2-FF3E-4698-98B8-353205F9913B}.Release|Any CPU.ActiveCfg = Release|Any CPU
		{A8A00BA2-FF3E-4698-98B8-353205F9913B}.Release|Any CPU.Build.0 = Release|Any CPU
		{6619750A-C8EC-41C6-9E77-D31852B61B10}.Debug|Any CPU.ActiveCfg = Debug|Any CPU
		{6619750A-C8EC-41C6-9E77-D31852B61B10}.Debug|Any CPU.Build.0 = Debug|Any CPU
		{6619750A-C8EC-41C6-9E77-D31852B61B10}.Release|Any CPU.ActiveCfg = Release|Any CPU
		{6619750A-C8EC-41C6-9E77-D31852B61B10}.Release|Any CPU.Build.0 = Release|Any CPU
		{46F15593-392E-4799-B4C3-CCAC1C300012}.Debug|Any CPU.ActiveCfg = Debug|Any CPU
		{46F15593-392E-4799-B4C3-CCAC1C300012}.Debug|Any CPU.Build.0 = Debug|Any CPU
		{46F15593-392E-4799-B4C3-CCAC1C300012}.Release|Any CPU.ActiveCfg = Release|Any CPU
		{46F15593-392E-4799-B4C3-CCAC1C300012}.Release|Any CPU.Build.0 = Release|Any CPU
	EndGlobalSection
	GlobalSection(SolutionProperties) = preSolution
		HideSolutionNode = FALSE
	EndGlobalSection
	GlobalSection(ExtensibilityGlobals) = postSolution
		SolutionGuid = {F5296DF4-DFBB-4496-A59D-40858E06C80F}
	EndGlobalSection
EndGlobal
